
Microsoft Visual Studio Solution File, Format Version 12.00
# Visual Studio Version 17
VisualStudioVersion = 17.4.33205.214
MinimumVisualStudioVersion = 10.0.40219.1
Project("{FAE04EC0-301F-11D3-BF4B-00C04F79EFBC}") = "WebApplication2", "WebApplication2\WebApplication2.csproj", "{6C0F2AC3-C783-42DA-800F-5CAAE3BB0C6A}"
EndProject
Global
	GlobalSection(SolutionConfigurationPlatforms) = preSolution
		Debug|Any CPU = Debug|Any CPU
		Release|Any CPU = Release|Any CPU
	EndGlobalSection
	GlobalSection(ProjectConfigurationPlatforms) = postSolution
		{6C0F2AC3-C783-42DA-800F-5CAAE3BB0C6A}.Debug|Any CPU.ActiveCfg = Debug|Any CPU
		{6C0F2AC3-C783-42DA-800F-5CAAE3BB0C6A}.Debug|Any CPU.Build.0 = Debug|Any CPU
		{6C0F2AC3-C783-42DA-800F-5CAAE3BB0C6A}.Release|Any CPU.ActiveCfg = Release|Any CPU
		{6C0F2AC3-C783-42DA-800F-5CAAE3BB0C6A}.Release|Any CPU.Build.0 = Release|Any CPU
	EndGlobalSection
	GlobalSection(SolutionProperties) = preSolution
		HideSolutionNode = FALSE
	EndGlobalSection
	GlobalSection(ExtensibilityGlobals) = postSolution
		SolutionGuid = {68A2D95A-7E80-4ADD-A0BF-88B0AA31AC98}
	EndGlobalSection
EndGlobal
